
Microsoft Visual Studio Solution File, Format Version 12.00
# Visual Studio 15
Project("{FAE04EC0-301F-11D3-BF4B-00C04F79EFBC}") = "Zenject", "Zenject.csproj", "{9D10E572-1E71-0EFB-4B09-BD7E669F606C}"
EndProject
Project("{FAE04EC0-301F-11D3-BF4B-00C04F79EFBC}") = "CrystalGameFramework", "CrystalGameFramework.csproj", "{5C087C57-C925-A903-C083-177DC94BD604}"
EndProject
Project("{FAE04EC0-301F-11D3-BF4B-00C04F79EFBC}") = "Zenject-Editor", "Zenject-Editor.csproj", "{A2DF5E58-BB45-790F-528B-415E41E432CA}"
EndProject
Global
	GlobalSection(SolutionConfigurationPlatforms) = preSolution
		Debug|Any CPU = Debug|Any CPU
		Release|Any CPU = Release|Any CPU
	EndGlobalSection
	GlobalSection(ProjectConfigurationPlatforms) = postSolution
		{9D10E572-1E71-0EFB-4B09-BD7E669F606C}.Debug|Any CPU.ActiveCfg = Debug|Any CPU
		{9D10E572-1E71-0EFB-4B09-BD7E669F606C}.Debug|Any CPU.Build.0 = Debug|Any CPU
		{9D10E572-1E71-0EFB-4B09-BD7E669F606C}.Release|Any CPU.ActiveCfg = Release|Any CPU
		{9D10E572-1E71-0EFB-4B09-BD7E669F606C}.Release|Any CPU.Build.0 = Release|Any CPU
		{5C087C57-C925-A903-C083-177DC94BD604}.Debug|Any CPU.ActiveCfg = Debug|Any CPU
		{5C087C57-C925-A903-C083-177DC94BD604}.Debug|Any CPU.Build.0 = Debug|Any CPU
		{5C087C57-C925-A903-C083-177DC94BD604}.Release|Any CPU.ActiveCfg = Release|Any CPU
		{5C087C57-C925-A903-C083-177DC94BD604}.Release|Any CPU.Build.0 = Release|Any CPU
		{A2DF5E58-BB45-790F-528B-415E41E432CA}.Debug|Any CPU.ActiveCfg = Debug|Any CPU
		{A2DF5E58-BB45-790F-528B-415E41E432CA}.Debug|Any CPU.Build.0 = Debug|Any CPU
		{A2DF5E58-BB45-790F-528B-415E41E432CA}.Release|Any CPU.ActiveCfg = Release|Any CPU
		{A2DF5E58-BB45-790F-528B-415E41E432CA}.Release|Any CPU.Build.0 = Release|Any CPU
	EndGlobalSection
	GlobalSection(SolutionProperties) = preSolution
		HideSolutionNode = FALSE
	EndGlobalSection
EndGlobal
